
Microsoft Visual Studio Solution File, Format Version 12.00
# Visual Studio Version 16
VisualStudioVersion = 16.0.31205.134
MinimumVisualStudioVersion = 10.0.40219.1
Project("{9A19103F-16F7-4668-BE54-9A1E7A4F7556}") = "PaymentAggregatorDispatcher", "PaymentAggregatorDispatcher\PaymentAggregatorDispatcher.csproj", "{FAAF437B-C178-4023-B633-E253B8C4861A}"
EndProject
Project("{9A19103F-16F7-4668-BE54-9A1E7A4F7556}") = "PaymentDispatcher.Database", "PaymentDispatcher.Database\PaymentDispatcher.Database.csproj", "{8FF391A4-EBE2-4F7B-B785-EC8184E51F70}"
EndProject
Project("{FAE04EC0-301F-11D3-BF4B-00C04F79EFBC}") = "PaymentDispatcher.Contracts", "PaymentDispatcher.Contracts\PaymentDispatcher.Contracts.csproj", "{20E6ECE6-137E-4A4B-805D-1620B9D88AD3}"
EndProject
Global
	GlobalSection(SolutionConfigurationPlatforms) = preSolution
		Debug|Any CPU = Debug|Any CPU
		Release|Any CPU = Release|Any CPU
	EndGlobalSection
	GlobalSection(ProjectConfigurationPlatforms) = postSolution
		{FAAF437B-C178-4023-B633-E253B8C4861A}.Debug|Any CPU.ActiveCfg = Debug|Any CPU
		{FAAF437B-C178-4023-B633-E253B8C4861A}.Debug|Any CPU.Build.0 = Debug|Any CPU
		{FAAF437B-C178-4023-B633-E253B8C4861A}.Release|Any CPU.ActiveCfg = Release|Any CPU
		{FAAF437B-C178-4023-B633-E253B8C4861A}.Release|Any CPU.Build.0 = Release|Any CPU
		{8FF391A4-EBE2-4F7B-B785-EC8184E51F70}.Debug|Any CPU.ActiveCfg = Debug|Any CPU
		{8FF391A4-EBE2-4F7B-B785-EC8184E51F70}.Debug|Any CPU.Build.0 = Debug|Any CPU
		{8FF391A4-EBE2-4F7B-B785-EC8184E51F70}.Release|Any CPU.ActiveCfg = Release|Any CPU
		{8FF391A4-EBE2-4F7B-B785-EC8184E51F70}.Release|Any CPU.Build.0 = Release|Any CPU
		{20E6ECE6-137E-4A4B-805D-1620B9D88AD3}.Debug|Any CPU.ActiveCfg = Debug|Any CPU
		{20E6ECE6-137E-4A4B-805D-1620B9D88AD3}.Debug|Any CPU.Build.0 = Debug|Any CPU
		{20E6ECE6-137E-4A4B-805D-1620B9D88AD3}.Release|Any CPU.ActiveCfg = Release|Any CPU
		{20E6ECE6-137E-4A4B-805D-1620B9D88AD3}.Release|Any CPU.Build.0 = Release|Any CPU
	EndGlobalSection
	GlobalSection(SolutionProperties) = preSolution
		HideSolutionNode = FALSE
	EndGlobalSection
	GlobalSection(ExtensibilityGlobals) = postSolution
		SolutionGuid = {F0AFF160-FAB9-407F-9345-403D7DE43A4D}
	EndGlobalSection
EndGlobal
